dependencies:
- name: redis
  repository: https://charts.bitnami.com/bitnami
  version: 19.5.2
- name: kubescape-operator
  repository: https://kubescape.github.io/helm-charts/
  version: 1.28.0
digest: sha256:e95183013a195f4d2779452255f71cb47c15e915cd94b45b5998d003f1dec132
generated: "2025-07-11T22:23:19.903972+02:00"
