dependencies:
- name: redis
  repository: https://charts.bitnami.com/bitnami
  version: 19.5.2
- name: kubescape-operator
  repository: https://kubescape.github.io/helm-charts/
  version: 1.28.0
digest: sha256:39864e0a3c9613fec212e82efe6d645d63bae6cae4a01267859703c42a64906e
generated: "2025-07-11T22:04:29.425752+02:00"
